
Microsoft Visual Studio Solution File, Format Version 12.00
# Visual Studio Version 17
VisualStudioVersion = 17.5.33516.290
MinimumVisualStudioVersion = 10.0.40219.1
Project("{FAE04EC0-301F-11D3-BF4B-00C04F79EFBC}") = "TestSelenium", "TestSelenium\TestSelenium.csproj", "{38FC9F03-96EA-4BD3-8AE2-697578B707FF}"
EndProject
Project("{2150E333-8FDC-42A3-9474-1A3956D46DE8}") = "Solution Items", "Solution Items", "{B20B272D-B37A-46C4-B82B-A855B49FB5F7}"
	ProjectSection(SolutionItems) = preProject
		index.html = index.html
	EndProjectSection
EndProject
Project("{FAE04EC0-301F-11D3-BF4B-00C04F79EFBC}") = "SeleTestConsole", "SeleTestConsole\SeleTestConsole.csproj", "{36F55E02-EE0C-4648-816F-2677FD17AA11}"
EndProject
Global
	GlobalSection(SolutionConfigurationPlatforms) = preSolution
		Debug|Any CPU = Debug|Any CPU
		Release|Any CPU = Release|Any CPU
	EndGlobalSection
	GlobalSection(ProjectConfigurationPlatforms) = postSolution
		{38FC9F03-96EA-4BD3-8AE2-697578B707FF}.Debug|Any CPU.ActiveCfg = Debug|Any CPU
		{38FC9F03-96EA-4BD3-8AE2-697578B707FF}.Debug|Any CPU.Build.0 = Debug|Any CPU
		{38FC9F03-96EA-4BD3-8AE2-697578B707FF}.Release|Any CPU.ActiveCfg = Release|Any CPU
		{38FC9F03-96EA-4BD3-8AE2-697578B707FF}.Release|Any CPU.Build.0 = Release|Any CPU
		{36F55E02-EE0C-4648-816F-2677FD17AA11}.Debug|Any CPU.ActiveCfg = Debug|Any CPU
		{36F55E02-EE0C-4648-816F-2677FD17AA11}.Debug|Any CPU.Build.0 = Debug|Any CPU
		{36F55E02-EE0C-4648-816F-2677FD17AA11}.Release|Any CPU.ActiveCfg = Release|Any CPU
		{36F55E02-EE0C-4648-816F-2677FD17AA11}.Release|Any CPU.Build.0 = Release|Any CPU
	EndGlobalSection
	GlobalSection(SolutionProperties) = preSolution
		HideSolutionNode = FALSE
	EndGlobalSection
	GlobalSection(ExtensibilityGlobals) = postSolution
		SolutionGuid = {73613BE0-45C7-421A-B6C1-C1437C2CD460}
	EndGlobalSection
EndGlobal
